hash: 73febf67ada9c9cbdfbd9a546597d3dde4e87560857c5e12f4914a3bbd49c42a
updated: 2019-11-26T21:58:41.216194+01:00
imports:
- name: github.com/jinzhu/gorm
  version: 81c17a7e2529c59efc4e74c5b32c1fb71fb12fa2
- name: github.com/konsorten/go-windows-terminal-sequences
  version: f55edac94c9bbba5d6182a4be46d86a2c9b5b50e
- name: github.com/sirupsen/logrus
  version: 839c75faf7f98a33d445d181f3018b5c3409a45e
- name: golang.org/x/net
  version: ffdde105785063a81acd95bdf89ea53f6e0aac2d
  subpackages:
  - netutil
- name: golang.org/x/sys
  version: 8a8471f7e56d296bf6a05aa09520b111beb1937a
  subpackages:
  - unix
- name: golang.org/x/text
  version: 342b2e1fbaa52c93f31447ad2c6abc048c63e475
  subpackages:
  - encoding/charmap
testImports: []
