# This file is autogenerated, do not edit; changes may be undone by the next 'dep ensure'.


[[projects]]
  digest = "1:d6afaeed1502aa28e80a4ed0981d570ad91b2579193404256ce672ed0a609e0d"
  name = "github.com/beorn7/perks"
  packages = ["quantile"]
  pruneopts = "UT"
  revision = "37c8de3658fcb183f997c4e13e8337516ab753e6"
  version = "v1.0.1"

[[projects]]
  digest = "1:573ca21d3669500ff845bdebee890eb7fc7f0f50c59f2132f2a0c6b03d85086a"
  name = "github.com/golang/protobuf"
  packages = ["proto"]
  pruneopts = "UT"
  revision = "6c65a5562fc06764971b7c5d05c76c75e84bdbf7"
  version = "v1.3.2"

[[projects]]
  digest = "1:31e761d97c76151dde79e9d28964a812c46efc5baee4085b86f68f0c654450de"
  name = "github.com/konsorten/go-windows-terminal-sequences"
  packages = ["."]
  pruneopts = "UT"
  revision = "f55edac94c9bbba5d6182a4be46d86a2c9b5b50e"
  version = "v1.0.2"

[[projects]]
  digest = "1:ff5ebae34cfbf047d505ee150de27e60570e8c394b3b8fdbb720ff6ac71985fc"
  name = "github.com/matttproud/golang_protobuf_extensions"
  packages = ["pbutil"]
  pruneopts = "UT"
  revision = "c12348ce28de40eed0136aa2b644d0ee0650e56c"
  version = "v1.0.1"

[[projects]]
  digest = "1:d5f3047d6f72b47b8f989bfce4f6073dfb462346d05d5d4f0a01a846f233d9ee"
  name = "github.com/mdp/qrterminal"
  packages = ["."]
  pruneopts = "UT"
  revision = "11fc7373051f5e96eac3079061343e2899fdd9c6"
  version = "v3.0.0"

[[projects]]
  digest = "1:eb8832cdc904ff89b70c524ab305bf3384c6411f9df6b9f2a41fddc2220e6613"
  name = "github.com/prometheus/client_golang"
  packages = [
    "prometheus",
    "prometheus/internal",
    "prometheus/promauto",
    "prometheus/promhttp",
  ]
  pruneopts = "UT"
  revision = "170205fb58decfd011f1550d4cfb737230d7ae4f"
  version = "v1.1.0"

[[projects]]
  digest = "1:982be0b5396e16a663697899ce69cc7b1e71ddcae4153af157578d4dc9bc3f88"
  name = "github.com/prometheus/client_model"
  packages = ["go"]
  pruneopts = "UT"
  revision = "d1d2010b5beead3fa1c5f271a5cf626e40b3ad6e"
  version = "v0.1.0"

[[projects]]
  digest = "1:f119e3205d3a1f0f19dbd7038eb37528e2c6f0933269dc344e305951fb87d632"
  name = "github.com/prometheus/common"
  packages = [
    "expfmt",
    "internal/bitbucket.org/ww/goautoneg",
    "model",
  ]
  pruneopts = "UT"
  revision = "287d3e634a1e550c9e463dd7e5a75a422c614505"
  version = "v0.7.0"

[[projects]]
  digest = "1:ec0ff4bd619a67065e34d6477711ed0117e335f99059a4c508e0fe21cfe7b304"
  name = "github.com/prometheus/procfs"
  packages = [
    ".",
    "internal/fs",
    "internal/util",
  ]
  pruneopts = "UT"
  revision = "6d489fc7f1d9cd890a250f3ea3431b1744b9623f"
  version = "v0.0.8"

[[projects]]
  digest = "1:04457f9f6f3ffc5fea48e71d62f2ca256637dee0a04d710288e27e05c8b41976"
  name = "github.com/sirupsen/logrus"
  packages = ["."]
  pruneopts = "UT"
  revision = "839c75faf7f98a33d445d181f3018b5c3409a45e"
  version = "v1.4.2"

[[projects]]
  branch = "master"
  digest = "1:3a0bdb0c35d7b834ab54ce68f66b3ca5c120c66db18f5a2cd952314c18f29854"
  name = "golang.org/x/crypto"
  packages = [
    "bcrypt",
    "blowfish",
    "chacha20",
    "curve25519",
    "ed25519",
    "ed25519/internal/edwards25519",
    "internal/subtle",
    "poly1305",
    "ssh",
  ]
  pruneopts = "UT"
  revision = "becbf705a91575484002d598f87d74f0002801e7"

[[projects]]
  branch = "master"
  digest = "1:b404086e7888ff20830e8a5217ccb6a6120632a8051ced619a797d349756d368"
  name = "golang.org/x/sys"
  packages = [
    "cpu",
    "unix",
    "windows",
  ]
  pruneopts = "UT"
  revision = "0732a990476f7f2f5f7200b39ba4ab730c0f09f8"

[[projects]]
  digest = "1:7093ab359f15c3663a7cfdc539e9eaf44635bc46376d8b888fe480b3ccfbad4d"
  name = "golang.org/x/text"
  packages = [
    "encoding",
    "encoding/charmap",
    "encoding/internal",
    "encoding/internal/identifier",
    "internal/gen",
    "transform",
    "unicode/cldr",
  ]
  pruneopts = "UT"
  revision = "342b2e1fbaa52c93f31447ad2c6abc048c63e475"
  version = "v0.3.2"

[[projects]]
  digest = "1:b75b3deb2bce8bc079e16bb2aecfe01eb80098f5650f9e93e5643ca8b7b73737"
  name = "gopkg.in/yaml.v2"
  packages = ["."]
  pruneopts = "UT"
  revision = "1f64d6156d11335c3f22d9330b0ad14fc1e789ce"
  version = "v2.2.7"

[[projects]]
  digest = "1:5f7a1c7de691189fe96681441220afb5c2567b1875e8b2c06201732be4b9393a"
  name = "rsc.io/qr"
  packages = [
    ".",
    "coding",
    "gf256",
  ]
  pruneopts = "UT"
  revision = "ca9a01fc2f9505024045632c50e5e8cd6142fafe"
  version = "v0.2.0"

[solve-meta]
  analyzer-name = "dep"
  analyzer-version = 1
  input-imports = [
    "github.com/mdp/qrterminal",
    "github.com/prometheus/client_golang/prometheus",
    "github.com/prometheus/client_golang/prometheus/promauto",
    "github.com/prometheus/client_golang/prometheus/promhttp",
    "github.com/sirupsen/logrus",
    "golang.org/x/crypto/bcrypt",
    "golang.org/x/crypto/ssh",
    "golang.org/x/text/encoding/charmap",
    "gopkg.in/yaml.v2",
  ]
  solver-name = "gps-cdcl"
  solver-version = 1
