# This file is autogenerated, do not edit; changes may be undone by the next 'dep ensure'.


[[projects]]
  digest = "1:31e761d97c76151dde79e9d28964a812c46efc5baee4085b86f68f0c654450de"
  name = "github.com/konsorten/go-windows-terminal-sequences"
  packages = ["."]
  pruneopts = "UT"
  revision = "f55edac94c9bbba5d6182a4be46d86a2c9b5b50e"
  version = "v1.0.2"

[[projects]]
  digest = "1:d5f3047d6f72b47b8f989bfce4f6073dfb462346d05d5d4f0a01a846f233d9ee"
  name = "github.com/mdp/qrterminal"
  packages = ["."]
  pruneopts = "UT"
  revision = "11fc7373051f5e96eac3079061343e2899fdd9c6"
  version = "v3.0.0"

[[projects]]
  digest = "1:04457f9f6f3ffc5fea48e71d62f2ca256637dee0a04d710288e27e05c8b41976"
  name = "github.com/sirupsen/logrus"
  packages = ["."]
  pruneopts = "UT"
  revision = "839c75faf7f98a33d445d181f3018b5c3409a45e"
  version = "v1.4.2"

[[projects]]
  branch = "master"
  digest = "1:c9e0b137902d857921fb87c28039a4af7e587970bd10c4fcec818d1559347d43"
  name = "golang.org/x/crypto"
  packages = [
    "chacha20",
    "curve25519",
    "ed25519",
    "ed25519/internal/edwards25519",
    "internal/subtle",
    "poly1305",
    "ssh",
  ]
  pruneopts = "UT"
  revision = "b544559bb6d1b5c62fba4af5e843ff542174f079"

[[projects]]
  branch = "master"
  digest = "1:607da0d7cf677985496d5911647383193cce4c67ba4554c4a54607a6a6062c79"
  name = "golang.org/x/sys"
  packages = [
    "cpu",
    "unix",
  ]
  pruneopts = "UT"
  revision = "6d18c012aee9febd81bbf9806760c8c4480e870d"

[[projects]]
  digest = "1:7093ab359f15c3663a7cfdc539e9eaf44635bc46376d8b888fe480b3ccfbad4d"
  name = "golang.org/x/text"
  packages = [
    "encoding",
    "encoding/charmap",
    "encoding/internal",
    "encoding/internal/identifier",
    "internal/gen",
    "transform",
    "unicode/cldr",
  ]
  pruneopts = "UT"
  revision = "342b2e1fbaa52c93f31447ad2c6abc048c63e475"
  version = "v0.3.2"

[[projects]]
  digest = "1:b75b3deb2bce8bc079e16bb2aecfe01eb80098f5650f9e93e5643ca8b7b73737"
  name = "gopkg.in/yaml.v2"
  packages = ["."]
  pruneopts = "UT"
  revision = "1f64d6156d11335c3f22d9330b0ad14fc1e789ce"
  version = "v2.2.7"

[[projects]]
  digest = "1:5f7a1c7de691189fe96681441220afb5c2567b1875e8b2c06201732be4b9393a"
  name = "rsc.io/qr"
  packages = [
    ".",
    "coding",
    "gf256",
  ]
  pruneopts = "UT"
  revision = "ca9a01fc2f9505024045632c50e5e8cd6142fafe"
  version = "v0.2.0"

[solve-meta]
  analyzer-name = "dep"
  analyzer-version = 1
  input-imports = [
    "github.com/mdp/qrterminal",
    "github.com/sirupsen/logrus",
    "golang.org/x/crypto/ssh",
    "golang.org/x/text/encoding/charmap",
    "gopkg.in/yaml.v2",
  ]
  solver-name = "gps-cdcl"
  solver-version = 1
